
Microsoft Visual Studio Solution File, Format Version 12.00
# Visual Studio Version 16
VisualStudioVersion = 16.0.30406.217
MinimumVisualStudioVersion = 10.0.40219.1
Project("{9A19103F-16F7-4668-BE54-9A1E7A4F7556}") = "JuegosNetCore2", "JuegosNetCore2\JuegosNetCore2.csproj", "{55BDB208-5627-4DAF-9083-0435C6D92EF6}"
EndProject
Global
	GlobalSection(SolutionConfigurationPlatforms) = preSolution
		Debug|Any CPU = Debug|Any CPU
		Release|Any CPU = Release|Any CPU
	EndGlobalSection
	GlobalSection(ProjectConfigurationPlatforms) = postSolution
		{55BDB208-5627-4DAF-9083-0435C6D92EF6}.Debug|Any CPU.ActiveCfg = Debug|Any CPU
		{55BDB208-5627-4DAF-9083-0435C6D92EF6}.Debug|Any CPU.Build.0 = Debug|Any CPU
		{55BDB208-5627-4DAF-9083-0435C6D92EF6}.Release|Any CPU.ActiveCfg = Release|Any CPU
		{55BDB208-5627-4DAF-9083-0435C6D92EF6}.Release|Any CPU.Build.0 = Release|Any CPU
	EndGlobalSection
	GlobalSection(SolutionProperties) = preSolution
		HideSolutionNode = FALSE
	EndGlobalSection
	GlobalSection(ExtensibilityGlobals) = postSolution
		SolutionGuid = {42DB32E4-ED49-4AC5-9643-2E1AFEC97EA8}
	EndGlobalSection
EndGlobal
